
Microsoft Visual Studio Solution File, Format Version 12.00
# Visual Studio 15
VisualStudioVersion = 15.0.27703.2042
MinimumVisualStudioVersion = 10.0.40219.1
Project("{FAE04EC0-301F-11D3-BF4B-00C04F79EFBC}") = "PizzaApp.Console", "PizzaApp.Console\PizzaApp.Console.csproj", "{9EE08B7A-AB7E-4B6B-B792-F606A2F56CC4}"
EndProject
Project("{FAE04EC0-301F-11D3-BF4B-00C04F79EFBC}") = "PizzaApp.Models", "PizzaApp.Models\PizzaApp.Models.csproj", "{E4D844FF-9D7F-4528-8DBF-378B41FB9992}"
EndProject
Project("{FAE04EC0-301F-11D3-BF4B-00C04F79EFBC}") = "PizzaApp.Services", "PizzaApp.Services\PizzaApp.Services.csproj", "{4DB1EAAF-167A-4E94-94C3-B4965D6D27D7}"
EndProject
Project("{FAE04EC0-301F-11D3-BF4B-00C04F79EFBC}") = "PizzaApp.DataAccess", "PizzaApp.DataAccess\PizzaApp.DataAccess.csproj", "{0AD31139-76B6-4346-9881-407DA04C9B61}"
EndProject
Project("{FAE04EC0-301F-11D3-BF4B-00C04F79EFBC}") = "PizzaApp.Services.Abstract", "PizzaApp.Services.Abstract\PizzaApp.Services.Abstract.csproj", "{5DAF058C-AD06-494D-AC95-A3DB7A039A4A}"
EndProject
Global
	GlobalSection(SolutionConfigurationPlatforms) = preSolution
		Debug|Any CPU = Debug|Any CPU
		Release|Any CPU = Release|Any CPU
	EndGlobalSection
	GlobalSection(ProjectConfigurationPlatforms) = postSolution
		{9EE08B7A-AB7E-4B6B-B792-F606A2F56CC4}.Debug|Any CPU.ActiveCfg = Debug|Any CPU
		{9EE08B7A-AB7E-4B6B-B792-F606A2F56CC4}.Debug|Any CPU.Build.0 = Debug|Any CPU
		{9EE08B7A-AB7E-4B6B-B792-F606A2F56CC4}.Release|Any CPU.ActiveCfg = Release|Any CPU
		{9EE08B7A-AB7E-4B6B-B792-F606A2F56CC4}.Release|Any CPU.Build.0 = Release|Any CPU
		{E4D844FF-9D7F-4528-8DBF-378B41FB9992}.Debug|Any CPU.ActiveCfg = Debug|Any CPU
		{E4D844FF-9D7F-4528-8DBF-378B41FB9992}.Debug|Any CPU.Build.0 = Debug|Any CPU
		{E4D844FF-9D7F-4528-8DBF-378B41FB9992}.Release|Any CPU.ActiveCfg = Release|Any CPU
		{E4D844FF-9D7F-4528-8DBF-378B41FB9992}.Release|Any CPU.Build.0 = Release|Any CPU
		{4DB1EAAF-167A-4E94-94C3-B4965D6D27D7}.Debug|Any CPU.ActiveCfg = Debug|Any CPU
		{4DB1EAAF-167A-4E94-94C3-B4965D6D27D7}.Debug|Any CPU.Build.0 = Debug|Any CPU
		{4DB1EAAF-167A-4E94-94C3-B4965D6D27D7}.Release|Any CPU.ActiveCfg = Release|Any CPU
		{4DB1EAAF-167A-4E94-94C3-B4965D6D27D7}.Release|Any CPU.Build.0 = Release|Any CPU
		{0AD31139-76B6-4346-9881-407DA04C9B61}.Debug|Any CPU.ActiveCfg = Debug|Any CPU
		{0AD31139-76B6-4346-9881-407DA04C9B61}.Debug|Any CPU.Build.0 = Debug|Any CPU
		{0AD31139-76B6-4346-9881-407DA04C9B61}.Release|Any CPU.ActiveCfg = Release|Any CPU
		{0AD31139-76B6-4346-9881-407DA04C9B61}.Release|Any CPU.Build.0 = Release|Any CPU
		{5DAF058C-AD06-494D-AC95-A3DB7A039A4A}.Debug|Any CPU.ActiveCfg = Debug|Any CPU
		{5DAF058C-AD06-494D-AC95-A3DB7A039A4A}.Debug|Any CPU.Build.0 = Debug|Any CPU
		{5DAF058C-AD06-494D-AC95-A3DB7A039A4A}.Release|Any CPU.ActiveCfg = Release|Any CPU
		{5DAF058C-AD06-494D-AC95-A3DB7A039A4A}.Release|Any CPU.Build.0 = Release|Any CPU
	EndGlobalSection
	GlobalSection(SolutionProperties) = preSolution
		HideSolutionNode = FALSE
	EndGlobalSection
	GlobalSection(ExtensibilityGlobals) = postSolution
		SolutionGuid = {2433CCA5-DCFA-42D3-BCD9-B86E46A690D7}
	EndGlobalSection
EndGlobal
